schema: '2.0'
stages:
  train:
    cmd: python train.py
    deps:
    - path: data/MNIST/raw
      md5: 8c257df187855c681f88bde92d721ccd.dir
      size: 66544770
      nfiles: 8
    - path: train.py
      md5: 90f29a92c178927514c7f4d61a984a8a
      size: 4865
    params:
      params.yaml:
        epochs: 15
        lr: 0.003912
        weight_decay: 0
    outs:
    - path: misclassified.jpg
      md5: 899bb29f8b2d8d85ab45b26f16728e0a
      size: 26613
    - path: model.pt
      md5: d417eadb1f878151e616fe05cbc25d6b
      size: 439383
    - path: predictions.json
      md5: 5060f8004b6d27805c9b0096131e66f7
      size: 310000
    - path: training_metrics
      md5: 318bf32c9efa22f8a7ec6c61dc89397e.dir
      size: 161
      nfiles: 2
    - path: training_metrics.json
      md5: 89fd7833db1ef588cb35a7daf88a64e8
      size: 68
