schema: '2.0'
stages:
  train:
    cmd: python train.py
    deps:
    - path: data/MNIST
      md5: 0aed307494600d178fbdc0d000d6db38.dir
      size: 66544866
      nfiles: 10
    - path: train.py
      md5: 90f29a92c178927514c7f4d61a984a8a
      size: 4865
    params:
      params.yaml:
        epochs: 15
        lr: 0.0045
        weight_decay: 0
    outs:
    - path: misclassified.jpg
      md5: bbec1b6dcf6f3c403bbc1efadf9fa262
      size: 29745
    - path: model.pt
      md5: 90223b2eaf4f776208fd8118dc0d2aaa
      size: 439383
    - path: predictions.json
      md5: 9112f543acd7abc895d42405ff6ea35f
      size: 310000
    - path: training_metrics
      md5: 9c0bea1626fd57c4da0071c4f9476c94.dir
      size: 279
      nfiles: 2
    - path: training_metrics.json
      md5: ea73207154aa36cbe85f0576685ceb11
      size: 68
