schema: '2.0'
stages:
  train:
    cmd: python train.py
    deps:
    - path: data/MNIST
      md5: 0aed307494600d178fbdc0d000d6db38.dir
      size: 66544866
      nfiles: 10
    - path: train.py
      md5: 90f29a92c178927514c7f4d61a984a8a
      size: 4865
    params:
      params.yaml:
        epochs: 15
        lr: 0.003
        weight_decay: 0
    outs:
    - path: misclassified.jpg
      md5: f0987e8629914ec842aec2c1917cd6dd
      size: 32105
    - path: model.pt
      md5: 83a4c6629b93439ff30ae26a0aa90617
      size: 439383
    - path: predictions.json
      md5: 6c2c0341763551410cf244e7abba6a4e
      size: 310000
    - path: training_metrics
      md5: ea2bfcb888c4f9e78dc7146d920e32c0.dir
      size: 521
      nfiles: 2
    - path: training_metrics.json
      md5: bdc03ac666fe6cc120ffa667f1d0f78d
      size: 68
